
Microsoft Visual Studio Solution File, Format Version 12.00
Project("{FAE04EC0-301F-11D3-BF4B-00C04F79EFBC}") = "libFootballWorldCupScore", "libFootballWorldCupScore\libFootballWorldCupScore.csproj", "{FAEF1EF4-B373-44C1-BB16-9FC2730C9404}"
EndProject
Global
	GlobalSection(SolutionConfigurationPlatforms) = preSolution
		Debug|Any CPU = Debug|Any CPU
		Release|Any CPU = Release|Any CPU
	EndGlobalSection
	GlobalSection(ProjectConfigurationPlatforms) = postSolution
		{FAEF1EF4-B373-44C1-BB16-9FC2730C9404}.Debug|Any CPU.ActiveCfg = Debug|Any CPU
		{FAEF1EF4-B373-44C1-BB16-9FC2730C9404}.Debug|Any CPU.Build.0 = Debug|Any CPU
		{FAEF1EF4-B373-44C1-BB16-9FC2730C9404}.Release|Any CPU.ActiveCfg = Release|Any CPU
		{FAEF1EF4-B373-44C1-BB16-9FC2730C9404}.Release|Any CPU.Build.0 = Release|Any CPU
	EndGlobalSection
EndGlobal
